
Microsoft Visual Studio Solution File, Format Version 12.00
# Visual Studio Version 17
VisualStudioVersion = 17.7.34024.191
MinimumVisualStudioVersion = 10.0.40219.1
Project("{9A19103F-16F7-4668-BE54-9A1E7A4F7556}") = "RoleManagement", "RoleManagement.csproj", "{3AC64028-82A3-48AE-AE93-7338E4029D9B}"
EndProject
Project("{9A19103F-16F7-4668-BE54-9A1E7A4F7556}") = "RoleManagement.Domain", "..\RoleManagement.Domain\RoleManagement.Domain.csproj", "{48740FBC-2656-473A-A528-288E03056D44}"
EndProject
Project("{9A19103F-16F7-4668-BE54-9A1E7A4F7556}") = "RoleManagement.Application", "..\RoleManagement.Application\RoleManagement.Application.csproj", "{497F1E51-C4BD-459A-B8F8-56186F7F9C78}"
EndProject
Project("{9A19103F-16F7-4668-BE54-9A1E7A4F7556}") = "RoleManagement.Infrastructure", "..\RoleManagement.Infrastructure\RoleManagement.Infrastructure.csproj", "{DD924D76-195B-4D68-948F-DEB509B2F5CC}"
EndProject
Global
	GlobalSection(SolutionConfigurationPlatforms) = preSolution
		Debug|Any CPU = Debug|Any CPU
		Release|Any CPU = Release|Any CPU
	EndGlobalSection
	GlobalSection(ProjectConfigurationPlatforms) = postSolution
		{3AC64028-82A3-48AE-AE93-7338E4029D9B}.Debug|Any CPU.ActiveCfg = Debug|Any CPU
		{3AC64028-82A3-48AE-AE93-7338E4029D9B}.Debug|Any CPU.Build.0 = Debug|Any CPU
		{3AC64028-82A3-48AE-AE93-7338E4029D9B}.Release|Any CPU.ActiveCfg = Release|Any CPU
		{3AC64028-82A3-48AE-AE93-7338E4029D9B}.Release|Any CPU.Build.0 = Release|Any CPU
		{48740FBC-2656-473A-A528-288E03056D44}.Debug|Any CPU.ActiveCfg = Debug|Any CPU
		{48740FBC-2656-473A-A528-288E03056D44}.Debug|Any CPU.Build.0 = Debug|Any CPU
		{48740FBC-2656-473A-A528-288E03056D44}.Release|Any CPU.ActiveCfg = Release|Any CPU
		{48740FBC-2656-473A-A528-288E03056D44}.Release|Any CPU.Build.0 = Release|Any CPU
		{497F1E51-C4BD-459A-B8F8-56186F7F9C78}.Debug|Any CPU.ActiveCfg = Debug|Any CPU
		{497F1E51-C4BD-459A-B8F8-56186F7F9C78}.Debug|Any CPU.Build.0 = Debug|Any CPU
		{497F1E51-C4BD-459A-B8F8-56186F7F9C78}.Release|Any CPU.ActiveCfg = Release|Any CPU
		{497F1E51-C4BD-459A-B8F8-56186F7F9C78}.Release|Any CPU.Build.0 = Release|Any CPU
		{DD924D76-195B-4D68-948F-DEB509B2F5CC}.Debug|Any CPU.ActiveCfg = Debug|Any CPU
		{DD924D76-195B-4D68-948F-DEB509B2F5CC}.Debug|Any CPU.Build.0 = Debug|Any CPU
		{DD924D76-195B-4D68-948F-DEB509B2F5CC}.Release|Any CPU.ActiveCfg = Release|Any CPU
		{DD924D76-195B-4D68-948F-DEB509B2F5CC}.Release|Any CPU.Build.0 = Release|Any CPU
	EndGlobalSection
	GlobalSection(SolutionProperties) = preSolution
		HideSolutionNode = FALSE
	EndGlobalSection
	GlobalSection(ExtensibilityGlobals) = postSolution
		SolutionGuid = {15EF4ED5-1B0A-4EEC-8A2C-251BA1E8F760}
	EndGlobalSection
EndGlobal
